
Microsoft Visual Studio Solution File, Format Version 12.00
# Visual Studio Version 16
VisualStudioVersion = 16.0.32106.194
MinimumVisualStudioVersion = 10.0.40219.1
Project("{FAE04EC0-301F-11D3-BF4B-00C04F79EFBC}") = "magaza_satis", "magaza_satis\magaza_satis.csproj", "{F349C34A-16A5-4BEC-9D81-F27B0D4AE629}"
EndProject
Global
	GlobalSection(SolutionConfigurationPlatforms) = preSolution
		Debug|Any CPU = Debug|Any CPU
		Release|Any CPU = Release|Any CPU
	EndGlobalSection
	GlobalSection(ProjectConfigurationPlatforms) = postSolution
		{F349C34A-16A5-4BEC-9D81-F27B0D4AE629}.Debug|Any CPU.ActiveCfg = Debug|Any CPU
		{F349C34A-16A5-4BEC-9D81-F27B0D4AE629}.Debug|Any CPU.Build.0 = Debug|Any CPU
		{F349C34A-16A5-4BEC-9D81-F27B0D4AE629}.Release|Any CPU.ActiveCfg = Release|Any CPU
		{F349C34A-16A5-4BEC-9D81-F27B0D4AE629}.Release|Any CPU.Build.0 = Release|Any CPU
	EndGlobalSection
	GlobalSection(SolutionProperties) = preSolution
		HideSolutionNode = FALSE
	EndGlobalSection
	GlobalSection(ExtensibilityGlobals) = postSolution
		SolutionGuid = {0DF05E7B-D446-453B-88E3-515FFC40F544}
	EndGlobalSection
EndGlobal
